
Microsoft Visual Studio Solution File, Format Version 12.00
# Visual Studio Version 16
VisualStudioVersion = 16.0.30804.86
MinimumVisualStudioVersion = 10.0.40219.1
Project("{FAE04EC0-301F-11D3-BF4B-00C04F79EFBC}") = "MathQuiz", "MathQuiz\MathQuiz.csproj", "{C37B6580-8017-466A-8D32-572387001ECE}"
EndProject
Global
	GlobalSection(SolutionConfigurationPlatforms) = preSolution
		Debug|Any CPU = Debug|Any CPU
		Release|Any CPU = Release|Any CPU
	EndGlobalSection
	GlobalSection(ProjectConfigurationPlatforms) = postSolution
		{C37B6580-8017-466A-8D32-572387001ECE}.Debug|Any CPU.ActiveCfg = Debug|Any CPU
		{C37B6580-8017-466A-8D32-572387001ECE}.Debug|Any CPU.Build.0 = Debug|Any CPU
		{C37B6580-8017-466A-8D32-572387001ECE}.Release|Any CPU.ActiveCfg = Release|Any CPU
		{C37B6580-8017-466A-8D32-572387001ECE}.Release|Any CPU.Build.0 = Release|Any CPU
	EndGlobalSection
	GlobalSection(SolutionProperties) = preSolution
		HideSolutionNode = FALSE
	EndGlobalSection
	GlobalSection(ExtensibilityGlobals) = postSolution
		SolutionGuid = {944E98B4-6249-4910-9729-F618A91CCF94}
	EndGlobalSection
EndGlobal
